{
  "version": 4,
  "terraform_version": "1.14.6",
  "serial": 11,
  "lineage": "f080f20c-4ccf-fdee-d221-03117f876c6f",
  "outputs": {
    "tenant_id": {
      "value": "bfa3dfb0-91d5-4bf7-9a0c-fbf6ff337187",
      "type": "string"
    }
  },
  "resources": [
    {
      "mode": "data",
      "type": "azurerm_client_config",
      "name": "current",
      "provider": "provider[\"registry.terraform.io/hashicorp/azurerm\"]",
      "instances": [
        {
          "schema_version": 0,
          "attributes": {
            "client_id": "04b07795-8ddb-461a-bbee-02f9e1bf7b46",
            "id": "Y2xpZW50Q29uZmlncy9jbGllbnRJZD0wNGIwNzc5NS04ZGRiLTQ2MWEtYmJlZS0wMmY5ZTFiZjdiNDY7b2JqZWN0SWQ9Yjc0NjJiZTYtNWNmOC00YzYwLWJkMGQtODIwODM5MDEyY2MxO3N1YnNjcmlwdGlvbklkPTg0ZjMyOTY4LTEzNmMtNGIxYy04OWYzLTk1M2NmOWY3ODdhOTt0ZW5hbnRJZD1iZmEzZGZiMC05MWQ1LTRiZjctOWEwYy1mYmY2ZmYzMzcxODc=",
            "object_id": "b7462be6-5cf8-4c60-bd0d-820839012cc1",
            "subscription_id": "84f32968-136c-4b1c-89f3-953cf9f787a9",
            "tenant_id": "bfa3dfb0-91d5-4bf7-9a0c-fbf6ff337187",
            "timeouts": null
          },
          "sensitive_attributes": [],
          "identity_schema_version": 0
        }
      ]
    },
    {
      "module": "module.keyvault",
      "mode": "data",
      "type": "azurerm_client_config",
      "name": "current",
      "provider": "provider[\"registry.terraform.io/hashicorp/azurerm\"]",
      "instances": [
        {
          "schema_version": 0,
          "attributes": {
            "client_id": "04b07795-8ddb-461a-bbee-02f9e1bf7b46",
            "id": "Y2xpZW50Q29uZmlncy9jbGllbnRJZD0wNGIwNzc5NS04ZGRiLTQ2MWEtYmJlZS0wMmY5ZTFiZjdiNDY7b2JqZWN0SWQ9Yjc0NjJiZTYtNWNmOC00YzYwLWJkMGQtODIwODM5MDEyY2MxO3N1YnNjcmlwdGlvbklkPTg0ZjMyOTY4LTEzNmMtNGIxYy04OWYzLTk1M2NmOWY3ODdhOTt0ZW5hbnRJZD1iZmEzZGZiMC05MWQ1LTRiZjctOWEwYy1mYmY2ZmYzMzcxODc=",
            "object_id": "b7462be6-5cf8-4c60-bd0d-820839012cc1",
            "subscription_id": "84f32968-136c-4b1c-89f3-953cf9f787a9",
            "tenant_id": "bfa3dfb0-91d5-4bf7-9a0c-fbf6ff337187",
            "timeouts": null
          },
          "sensitive_attributes": [],
          "identity_schema_version": 0
        }
      ]
    },
    {
      "module": "module.keyvault",
      "mode": "managed",
      "type": "azurerm_key_vault",
      "name": "kv",
      "provider": "provider[\"registry.terraform.io/hashicorp/azurerm\"]",
      "instances": [
        {
          "schema_version": 2,
          "attributes": {
            "access_policy": [],
            "contact": [],
            "enable_rbac_authorization": true,
            "enabled_for_deployment": false,
            "enabled_for_disk_encryption": false,
            "enabled_for_template_deployment": false,
            "id": "/subscriptions/84f32968-136c-4b1c-89f3-953cf9f787a9/resourceGroups/GAVL-DevOps-Tesing-RG/providers/Microsoft.KeyVault/vaults/gavl-rsk-test-kv-1",
            "location": "centralindia",
            "name": "gavl-rsk-test-kv-1",
            "network_acls": [
              {
                "bypass": "AzureServices",
                "default_action": "Allow",
                "ip_rules": [],
                "virtual_network_subnet_ids": []
              }
            ],
            "public_network_access_enabled": true,
            "purge_protection_enabled": true,
            "resource_group_name": "GAVL-DevOps-Tesing-RG",
            "sku_name": "premium",
            "soft_delete_retention_days": 90,
            "tags": null,
            "tenant_id": "bfa3dfb0-91d5-4bf7-9a0c-fbf6ff337187",
            "timeouts": null,
            "vault_uri": "https://gavl-rsk-test-kv-1.vault.azure.net/"
          },
          "sensitive_attributes": [],
          "identity_schema_version": 0,
          "private": "eyJlMmJmYjczMC1lY2FhLTExZTYtOGY4OC0zNDM2M2JjN2M0YzAiOnsiY3JlYXRlIjoxODAwMDAwMDAwMDAwLCJkZWxldGUiOjE4MDAwMDAwMDAwMDAsInJlYWQiOjMwMDAwMDAwMDAwMCwidXBkYXRlIjoxODAwMDAwMDAwMDAwfSwic2NoZW1hX3ZlcnNpb24iOiIyIn0=",
          "dependencies": [
            "module.keyvault.data.azurerm_client_config.current"
          ]
        }
      ]
    }
  ],
  "check_results": null
}
